
Microsoft Visual Studio Solution File, Format Version 12.00
# Visual Studio Version 16
VisualStudioVersion = 16.0.28917.181
MinimumVisualStudioVersion = 10.0.40219.1
Project("{9A19103F-16F7-4668-BE54-9A1E7A4F7556}") = "Androtomist", "Androtomist.csproj", "{E99DA84B-8516-458B-ADF7-59A7AC50D9D9}"
EndProject
Project("{2150E333-8FDC-42A3-9474-1A3956D46DE8}") = "Solution Items", "Solution Items", "{12C43723-F871-478D-A428-04232A7D5F65}"
	ProjectSection(SolutionItems) = preProject
		Androtomist.csproj = Androtomist.csproj
		Androtomist.csproj.user = Androtomist.csproj.user
		web.config = web.config
	EndProjectSection
EndProject
Global
	GlobalSection(SolutionConfigurationPlatforms) = preSolution
		Debug|Any CPU = Debug|Any CPU
		Release|Any CPU = Release|Any CPU
	EndGlobalSection
	GlobalSection(ProjectConfigurationPlatforms) = postSolution
		{E99DA84B-8516-458B-ADF7-59A7AC50D9D9}.Debug|Any CPU.ActiveCfg = Debug|Any CPU
		{E99DA84B-8516-458B-ADF7-59A7AC50D9D9}.Debug|Any CPU.Build.0 = Debug|Any CPU
		{E99DA84B-8516-458B-ADF7-59A7AC50D9D9}.Release|Any CPU.ActiveCfg = Release|Any CPU
		{E99DA84B-8516-458B-ADF7-59A7AC50D9D9}.Release|Any CPU.Build.0 = Release|Any CPU
	EndGlobalSection
	GlobalSection(SolutionProperties) = preSolution
		HideSolutionNode = FALSE
	EndGlobalSection
	GlobalSection(ExtensibilityGlobals) = postSolution
		SolutionGuid = {8BEE10EB-964D-41AF-B7DA-EA30B4EE0E23}
	EndGlobalSection
EndGlobal
